{
  "name": "probant",
  "version": "0.1.0",
  "lockfileVersion": 3,
  "requires": true,
  "packages": {
    "": {
      "name": "probant",
      "version": "0.1.0",
      "dependencies": {
        "@aws-sdk/client-s3": "^3.1110.0",
        "@aws-sdk/client-sqs": "^3.1110.0",
        "@aws-sdk/s3-request-presigner": "^3.1110.0",
        "@tanstack/react-table": "^8.21.3",
        "@vercel/oidc-aws-credentials-provider": "^3.3.4",
        "clsx": "^2.1.1",
        "drizzle-orm": "^0.45.2",
        "fuse.js": "^7.0.0",
        "js-yaml": "^4.1.0",
        "lucide-react": "^0.473.0",
        "next": "^15.5.23",
        "pdfjs-dist": "^4.10.38",
        "postgres": "^3.4.9",
        "react": "^19.0.0",
        "react-dom": "^19.0.0",
        "read-excel-file": "^9.3.10",
        "recharts": "^3.9.1",
        "server-only": "^0.0.1",
        "tailwind-merge": "^2.6.0",
        "zod": "^3.24.1"
      },
      "devDependencies": {
        "@axe-core/react": "^4.12.1",
        "@eslint/eslintrc": "^3.3.6",
        "@tailwindcss/postcss": "^4.0.0",
        "@types/js-yaml": "^4.0.9",
        "@types/node": "^22.10.7",
        "@types/react": "^19.0.7",
        "@types/react-dom": "^19.0.3",
        "drizzle-kit": "^0.31.10",
        "eslint": "^9.39.5",
        "eslint-config-next": "^15.5.23",
        "postcss": "^8.5.1",
        "tailwindcss": "^4.0.0",
        "tsx": "^4.23.12",
        "typescript": "^5.7.3",
        "vitest": "^3.0.2"
      }
    },
    "node_modules/@alloc/quick-lru": {
      "version": "5.2.0",
      "resolved": "https://registry.npmjs.org/@alloc/quick-lru/-/quick-lru-5.2.0.tgz",
      "integrity": "sha512-UrcABB+4bUrFABwbluTIBErXwvbsU/V7TZWfmbgJfbkwiBuziS9gxdODUyuiecfdGQ85jglMW6juS3+z5TsKLw==",
      "dev": true,
      "license": "MIT",
      "engines": {
        "node": ">=10"
      },
      "funding": {
        "url": "https://github.com/sponsors/sindresorhus"
      }
    },
    "node_modules/@aws-sdk/checksums": {
      "version": "3.1000.27",
      "resolved": "https://registry.npmjs.org/@aws-sdk/checksums/-/checksums-3.1000.27.tgz",
      "integrity": "sha512-insWOqKKNUrbN/dohEG7BJ0U5GkyqhjbMb/NHNaLUtq+7my2M8C4EnZZZoxMmXRqCC+P9dEr+KyJA2JGGzoKLg==",
      "license": "Apache-2.0",
      "dependencies": {
        "@aws-sdk/core": "^3.977.7",
        "@aws-sdk/types": "^3.974.3",
        "@smithy/core": "^3.31.1",
        "@smithy/types": "^4.16.1",
        "tslib": "^2.6.2"
      },
      "engines": {
        "node": ">=20.0.0"
      }
    },
    "node_modules/@aws-sdk/client-s3": {
      "version": "3.1110.0",
      "resolved": "https://registry.npmjs.org/@aws-sdk/client-s3/-/client-s3-3.1110.0.tgz",
      "integrity": "sha512-40xbEcWjdaYKlZ4/NvndIJ3LotAEQAvHVQ7Z4NVy4Z4xGRN7xXJlHI9bMh/4aMJQ++6h5W5sv+wqjfk0rEKOBg==",
      "license": "Apache-2.0",
      "dependencies": {
        "@aws-sdk/checksums": "^3.1000.27",
        "@aws-sdk/core": "^3.977.7",
        "@aws-sdk/credential-provider-node": "^3.972.79",
        "@aws-sdk/middleware-sdk-s3": "^3.972.73",
        "@aws-sdk/signature-v4-multi-region": "^3.996.44",
        "@aws-sdk/types": "^3.974.3",
        "@smithy/core": "^3.31.1",
        "@smithy/fetch-http-handler": "^5.6.13",
        "@smithy/node-http-handler": "^4.9.13",
        "@smithy/types": "^4.16.1",
        "tslib": "^2.6.2"
      },
      "engines": {
        "node": ">=20.0.0"
      }
    },
    "node_modules/@aws-sdk/client-sqs": {
      "version": "3.1110.0",
      "resolved": "https://registry.npmjs.org/@aws-sdk/client-sqs/-/client-sqs-3.1110.0.tgz",
      "integrity": "sha512-puneZhHscvJbfN2ZFuhbC/RJnrhAknDAd4vHmjdAtmKwkNYSA1U3Ox8pysYp2KZCT1NJjuo8WzPNNctf6bJIgA==",
      "license": "Apache-2.0",
      "dependencies": {
        "@aws-sdk/core": "^3.977.7",
        "@aws-sdk/credential-provider-node": "^3.972.79",
        "@aws-sdk/middleware-sdk-sqs": "^3.972.40",
        "@aws-sdk/types": "^3.974.3",
        "@smithy/core": "^3.31.1",
        "@smithy/fetch-http-handler": "^5.6.13",
        "@smithy/node-http-handler": "^4.9.13",
        "@smithy/types": "^4.16.1",
        "tslib": "^2.6.2"
      },
      "engines": {
        "node": ">=20.0.0"
      }
    },
    "node_modules/@aws-sdk/core": {
      "version": "3.977.7",
      "resolved": "https://registry.npmjs.org/@aws-sdk/core/-/core-3.977.7.tgz",
      "integrity": "sha512-I88Iov89NVmjSmJLKSv7Cn9M2J+a2942OkA8nZCbz+sl4ZeY4zEOcoLOrbt1GRfQ8zEQKnjAJdXixA3J/p1fDQ==",
      "license": "Apache-2.0",
      "dependencies": {
        "@aws-sdk/types": "^3.974.3",
        "@aws-sdk/xml-builder": "^3.972.38",
        "@aws/lambda-invoke-store": "^0.3.0",
        "@smithy/core": "^3.31.1",
        "@smithy/signature-v4": "^5.6.12",
        "@smithy/types": "^4.16.1",
        "bowser": "^2.11.0",
        "tslib": "^2.6.2"
      },
      "engines": {
        "node": ">=20.0.0"
      }
    },
    "node_modules/@aws-sdk/credential-provider-env": {
      "version": "3.972.68",
      "resolved": "https://registry.npmjs.org/@aws-sdk/credential-provider-env/-/credential-provider-env-3.972.68.tgz",
      "integrity": "sha512-2a20A/IdNOwUvaDq91iqqS7BA0XlNMfW3iLGZGZLJv0EbUqhSxB0PIx4rQQqssvWj1uXImb3/UCCdHz/+1dOiA==",
      "license": "Apache-2.0",
      "dependencies": {
        "@aws-sdk/core": "^3.977.7",
        "@aws-sdk/types": "^3.974.3",
        "@smithy/core": "^3.31.1",
        "@smithy/types": "^4.16.1",
        "tslib": "^2.6.2"
      },
      "engines": {
        "node": ">=20.0.0"
      }
    },
    "node_modules/@aws-sdk/credential-provider-http": {
      "version": "3.972.70",
      "resolved": "https://registry.npmjs.org/@aws-sdk/credential-provider-http/-/credential-provider-http-3.972.70.tgz",
      "integrity": "sha512-0yRem2Fs52r/Nn6UAqIlpjexfaYj8ziEozOe9tamtAVT/5bzFLKx8O2r7MaRqgS3hGKHIa1Jij9nKHSsNnb04A==",
      "license": "Apache-2.0",
      "dependencies": {
        "@aws-sdk/core": "^3.977.7",
        "@aws-sdk/types": "^3.974.3",
        "@smithy/core": "^3.31.1",
        "@smithy/fetch-http-handler": "^5.6.13",
        "@smithy/node-http-handler": "^4.9.13",
        "@smithy/types": "^4.16.1",
        "tslib": "^2.6.2"
      },
      "engines": {
        "node": ">=20.0.0"
      }
    },
    "node_modules/@aws-sdk/credential-provider-ini": {
      "version": "3.973.13",
      "resolved": "https://registry.npmjs.org/@aws-sdk/credential-provider-ini/-/credential-provider-ini-3.973.13.tgz",
      "integrity": "sha512-2M39DE02XpYYaSWYk/4AsImXYUU/1L2xmTMLUpMMWq7DfLv191/vCRy3baKtdr45AkJQyVgSjmuVOLm15SwrRQ==",
      "license": "Apache-2.0",
      "dependencies": {
        "@aws-sdk/core": "^3.977.7",
        "@aws-sdk/credential-provider-env": "^3.972.68",
        "@aws-sdk/credential-provider-http": "^3.972.70",
        "@aws-sdk/credential-provider-login": "^3.972.75",
        "@aws-sdk/credential-provider-process": "^3.972.68",
        "@aws-sdk/credential-provider-sso": "^3.973.12",
        "@aws-sdk/credential-provider-web-identity": "^3.972.74",
        "@aws-sdk/nested-clients": "^3.997.42",
        "@aws-sdk/types": "^3.974.3",
        "@smithy/core": "^3.31.1",
        "@smithy/credential-provider-imds": "^4.4.16",
        "@smithy/types": "^4.16.1",
        "tslib": "^2.6.2"
      },
      "engines": {
        "node": ">=20.0.0"
      }
    },
    "node_modules/@aws-sdk/credential-provider-login": {
      "version": "3.972.75",
      "resolved": "https://registry.npmjs.org/@aws-sdk/credential-provider-login/-/credential-provider-login-3.972.75.tgz",
      "integrity": "sha512-jaTESuJlQsoUZ44f/i2puyPt8VlF/dMMJ9HM3cStYtk7eKX4N9UWi83OLixUkoOJH3BwWlPLCq9YIK9nfWhVBg==",
      "license": "Apache-2.0",
      "dependencies": {
        "@aws-sdk/core": "^3.977.7",
        "@aws-sdk/nested-clients": "^3.997.42",
        "@aws-sdk/types": "^3.974.3",
        "@smithy/core": "^3.31.1",
        "@smithy/types": "^4.16.1",
        "tslib": "^2.6.2"
      },
      "engines": {
        "node": ">=20.0.0"
      }
    },
    "node_modules/@aws-sdk/credential-provider-node": {
      "version": "3.972.79",
      "resolved": "https://registry.npmjs.org/@aws-sdk/credential-provider-node/-/credential-provider-node-3.972.79.tgz",
      "integrity": "sha512-RIw5dof1EHkWubrZzPC941CDtnFG1iAXsxbFgLkhdYZXHc4icU13c/uxSMI0J5eUx9bxa7LjfpdjfClBB1QsDA==",
      "license": "Apache-2.0",
      "dependencies": {
        "@aws-sdk/credential-provider-env": "^3.972.68",
        "@aws-sdk/credential-provider-http": "^3.972.70",
        "@aws-sdk/credential-provider-ini": "^3.973.13",
        "@aws-sdk/credential-provider-process": "^3.972.68",
        "@aws-sdk/credential-provider-sso": "^3.973.12",
        "@aws-sdk/credential-provider-web-identity": "^3.972.74",
        "@aws-sdk/types": "^3.974.3",
        "@smithy/core": "^3.31.1",
        "@smithy/credential-provider-imds": "^4.4.16",
        "@smithy/types": "^4.16.1",
        "tslib": "^2.6.2"
      },
      "engines": {
        "node": ">=20.0.0"
      }
    },
    "node_modules/@aws-sdk/credential-provider-process": {
      "version": "3.972.68",
      "resolved": "https://registry.npmjs.org/@aws-sdk/credential-provider-process/-/credential-provider-process-3.972.68.tgz",
      "integrity": "sha512-nLP3Pda2MQTFJ25hKBMmUuB9Uv+bTZQNlufbeCwklP549Vwnkd8bRLJoCKp5k6xjmdyptrPrOfGOhN0mKuca8A==",
      "license": "Apache-2.0",
      "dependencies": {
        "@aws-sdk/core": "^3.977.7",
        "@aws-sdk/types": "^3.974.3",
        "@smithy/core": "^3.31.1",
        "@smithy/types": "^4.16.1",
        "tslib": "^2.6.2"
      },
      "engines": {
        "node": ">=20.0.0"
      }
    },
    "node_modules/@aws-sdk/credential-provider-sso": {
      "version": "3.973.12",
      "resolved": "https://registry.npmjs.org/@aws-sdk/credential-provider-sso/-/credential-provider-sso-3.973.12.tgz",
      "integrity": "sha512-EmgyyHn+f9WCcelp3L/vci+LGbX8GigWaVphRArjVo5Pktkr9YnLy/mQ6VDkDyBD72dtfRNTgHmD2ts4rTDXKQ==",
      "license": "Apache-2.0",
      "dependencies": {
        "@aws-sdk/core": "^3.977.7",
        "@aws-sdk/nested-clients": "^3.997.42",
        "@aws-sdk/token-providers": "3.1108.0",
        "@aws-sdk/types": "^3.974.3",
        "@smithy/core": "^3.31.1",
        "@smithy/types": "^4.16.1",
        "tslib": "^2.6.2"
      },
      "engines": {
        "node": ">=20.0.0"
      }
    },
    "node_modules/@aws-sdk/credential-provider-web-identity": {
      "version": "3.972.74",
      "resolved": "https://registry.npmjs.org/@aws-sdk/credential-provider-web-identity/-/credential-provider-web-identity-3.972.74.tgz",
      "integrity": "sha512-0YfczxGXF3RjGj8z7QG/Ho2HnLGKDHfPSHiTs47UU1U/+mmwISDN+rvGKt2zh+3FX8NdT4xd95LGBGyhQw2dgQ==",
      "license": "Apache-2.0",
      "dependencies": {
        "@aws-sdk/core": "^3.977.7",
        "@aws-sdk/nested-clients": "^3.997.42",
        "@aws-sdk/types": "^3.974.3",
        "@smithy/core": "^3.31.1",
        "@smithy/types": "^4.16.1",
        "tslib": "^2.6.2"
      },
      "engines": {
        "node": ">=20.0.0"
      }
    },
    "node_modules/@aws-sdk/middleware-sdk-s3": {
      "version": "3.972.73",
      "resolved": "https://registry.npmjs.org/@aws-sdk/middleware-sdk-s3/-/middleware-sdk-s3-3.972.73.tgz",
      "integrity": "sha512-oy7sRA5HvHcAvkcKX6F8RI240jcOf3c8y/Gqjs9qemIibdKQqGBIi0uwa+47ZRYqGLpdEO28TQU4G73yUzo06Q==",
      "license": "Apache-2.0",
      "dependencies": {
        "@aws-sdk/core": "^3.977.7",
        "@aws-sdk/signature-v4-multi-region": "^3.996.44",
        "@aws-sdk/types": "^3.974.3",
        "@smithy/core": "^3.31.1",
        "@smithy/types": "^4.16.1",
        "tslib": "^2.6.2"
      },
      "engines": {
        "node": ">=20.0.0"
      }
    },
    "node_modules/@aws-sdk/middleware-sdk-sqs": {
      "version": "3.972.40",
      "resolved": "https://registry.npmjs.org/@aws-sdk/middleware-sdk-sqs/-/middleware-sdk-sqs-3.972.40.tgz",
      "integrity": "sha512-inMaGeVemJEIp9Bc5Wlw0aVgVgUr/OwGqg5CLwO8TbMi6m1xFd+BG0fO/nJKVS/rkb9FSRxU/l0njDBz8OQvHQ==",
      "license": "Apache-2.0",
      "dependencies": {
        "@aws-sdk/types": "^3.974.3",
        "@smithy/core": "^3.31.1",
        "@smithy/types": "^4.16.1",
        "tslib": "^2.6.2"
      },
      "engines": {
        "node": ">=20.0.0"
      }
    },
    "node_modules/@aws-sdk/nested-clients": {
      "version": "3.997.42",
      "resolved": "https://registry.npmjs.org/@aws-sdk/nested-clients/-/nested-clients-3.997.42.tgz",
      "integrity": "sha512-XWRyon2MTHXD/zMoo0Mbge6Vwf+iE0qQaM/RyGO6NfZ9WukCFiQL27nQVZjYy2JwSIg+iXZxKOX95OBXqlSM4w==",
      "license": "Apache-2.0",
      "dependencies": {
        "@aws-sdk/core": "^3.977.7",
        "@aws-sdk/signature-v4-multi-region": "^3.996.44",
        "@aws-sdk/types": "^3.974.3",
        "@smithy/core": "^3.31.1",
        "@smithy/fetch-http-handler": "^5.6.13",
        "@smithy/node-http-handler": "^4.9.13",
        "@smithy/types": "^4.16.1",
        "tslib": "^2.6.2"
      },
      "engines": {
        "node": ">=20.0.0"
      }
    },
    "node_modules/@aws-sdk/s3-request-presigner": {
      "version": "3.1110.0",
      "resolved": "https://registry.npmjs.org/@aws-sdk/s3-request-presigner/-/s3-request-presigner-3.1110.0.tgz",
      "integrity": "sha512-xr7vfMj3Mea1r1+GzdBT/9LpKN2l+xBMSzbGoj3Uia6ERPMjx55BeqVtVGBHWw5+IKSGCx5SVC7Jn+3FxntMLg==",
      "license": "Apache-2.0",
      "dependencies": {
        "@aws-sdk/core": "^3.977.7",
        "@aws-sdk/signature-v4-multi-region": "^3.996.44",
        "@aws-sdk/types": "^3.974.3",
        "@smithy/core": "^3.31.1",
        "@smithy/types": "^4.16.1",
        "tslib": "^2.6.2"
      },
      "engines": {
        "node": ">=20.0.0"
      }
    },
    "node_modules/@aws-sdk/signature-v4-multi-region": {
      "version": "3.996.44",
      "resolved": "https://registry.npmjs.org/@aws-sdk/signature-v4-multi-region/-/signature-v4-multi-region-3.996.44.tgz",
      "integrity": "sha512-ZSfQ35Qn4MhSY+A0Whyr+KBx+wJKZUyBsOrjB2pSHOafRzbFe47T8XcXM8hZqUAC69qnqIy0C9ArxTuud0CC2w==",
      "license": "Apache-2.0",
      "dependencies": {
        "@aws-sdk/types": "^3.974.3",
        "@smithy/signature-v4": "^5.6.12",
        "@smithy/types": "^4.16.1",
        "tslib": "^2.6.2"
      },
      "engines": {
        "node": ">=20.0.0"
      }
    },
    "node_modules/@aws-sdk/token-providers": {
      "version": "3.1108.0",
      "resolved": "https://registry.npmjs.org/@aws-sdk/token-providers/-/token-providers-3.1108.0.tgz",
      "integrity": "sha512-rI80zxDxGJ6904eC/YbjkdjY6JdaZvQ01kOmrMvw7cFQGIHo27fhnIVbMSVDS4T6foQImjxYSRoOu/uSJscXDw==",
      "license": "Apache-2.0",
      "dependencies": {
        "@aws-sdk/core": "^3.977.7",
  ×]<Û{h‘éì¶»§q«^tÚY\ÈŽˆÃBˆ›˜\K\ÜÝ[œÝ[Žˆ—ŒŒËƒBˆKBˆ™[™[™ÈŽˆÃBˆ\›ŽˆšÎ‹ËÛÜ[˜ÛÛXÝ]™K˜ÛÛKÝ[œœË\™\ÛÛ™\ˆƒBˆKBˆ›Ü[Û˜[\[™[˜ÚY\ÈŽˆÃBˆ[œœËÜ™\ÛÛ™\‹Xš[™[™ËX[™›ÚYX\›KYXXšHŽˆŒKŒL‹Œˆ‹Bˆ[œœËÜ™\ÛÛ™\‹Xš[™[™ËX[™›ÚYX\›MŽˆŒKŒL‹Œˆ‹Bˆ[œœËÜ™\ÛÛ™\‹Xš[™[™ËY\Ú[‹X\›MŽˆŒKŒL‹Œˆ‹Bˆ[œœËÜ™\ÛÛ™\‹Xš[™[™ËY\Ú[‹^ŽˆŒKŒL‹Œˆ‹Bˆ[œœËÜ™\ÛÛ™\‹Xš[™[™ËYœ™YXœÙ^ŽˆŒKŒL‹Œˆ‹Bˆ[œœËÜ™\ÛÛ™\‹Xš[™[™Ë[[^X\›KYÛYXXšZˆŽˆŒKŒL‹Œˆ‹Bˆ[œœËÜ™\ÛÛ™\‹Xš[™[™Ë[[^X\›K[]\ÛXXšZˆŽˆŒKŒL‹Œˆ‹Bˆ[œœËÜ™\ÛÛ™\‹Xš[™[™Ë[[^X\›MYÛHŽˆŒKŒL‹Œˆ‹Bˆ[œœËÜ™\ÛÛ™\‹Xš[™[™Ë[[^X\›M[]\ÛŽˆŒKŒL‹Œˆ‹Bˆ[œœËÜ™\ÛÛ™\‹Xš[™[™Ë[[^[ÛÛ™ÍYÛHŽˆŒKŒL‹Œˆ‹Bˆ[œœËÜ™\ÛÛ™\‹Xš[™[™Ë[[^[ÛÛ™Í[]\ÛŽˆŒKŒL‹Œˆ‹Bˆ[œœËÜ™\ÛÛ™\‹Xš[™[™Ë[[^\ÍYÛHŽˆŒKŒL‹Œˆ‹Bˆ[œœËÜ™\ÛÛ™\‹Xš[™[™Ë[[^\š\ØÝYÛHŽˆŒKŒL‹Œˆ‹Bˆ[œœËÜ™\ÛÛ™\‹Xš[™[™Ë[[^\š\ØÝ[]\ÛŽˆŒKŒL‹Œˆ‹Bˆ[œœËÜ™\ÛÛ™\‹Xš[™[™Ë[[^\ÌÎLYÛHŽˆŒKŒL‹Œˆ‹Bˆ[œœËÜ™\ÛÛ™\‹Xš[™[™Ë[[^^YÛHŽˆŒKŒL‹Œˆ‹Bˆ[œœËÜ™\ÛÛ™\‹Xš[™[™Ë[[^^[]\ÛŽˆŒKŒL‹Œˆ‹Bˆ[œœËÜ™\ÛÛ™\‹Xš[™[™Ë[Ü[š\›[ÛžKX\›MŽˆŒKŒL‹Œˆ‹Bˆ[œœËÜ™\ÛÛ™\‹Xš[™[™Ë]Ø\ÛLÌ‹]Ø\ÚHŽˆŒKŒL‹Œˆ‹Bˆ[œœËÜ™\ÛÛ™\‹Xš[™[™Ë]Ú[ŒÌ‹X\›M[\Ý˜ÈŽˆŒKŒL‹Œˆ‹Bˆ[œœËÜ™\ÛÛ™\‹Xš[™[™Ë]Ú[ŒÌ‹ZXLÌ‹[\Ý˜ÈŽˆŒKŒL‹Œˆ‹Bˆ[œœËÜ™\ÛÛ™\‹Xš[™[™Ë]Ú[ŒÌ‹^[\Ý˜ÈŽˆŒKŒL‹ŒˆƒBˆCBˆKBˆ››ÙWÛ[Ù[\ËÝ[žš\\‹Y\ÛHŽˆÃBˆ™\œÚ[ÛˆŽˆŒŒLËŒÈ‹Bˆœ™\ÛÛ™YŽˆšÎ‹ËÜ™YÚ\ÝžK›œZœË›Ü™ËÝ[žš\\‹Y\ÛKËKÝ[žš\\‹Y\ÛKLŒLËŒËÞˆ‹Bˆš[YÜš]HŽˆœÚMLL‹SSÍ•–™ÞšÑ™Y]ŒÙ“ÚÒYU‘ÒØSÚÕSÛÖ^“LÔZ™›PRÊÛÞ]ÛÛšÔÖ’\ÙÒŒ[RŒN]PÞUTÚœOOH‹Bˆ›XÙ[œÙHŽˆ“RU‹Bˆ™\[™[˜ÚY\ÈŽˆÃBˆ™Ü˜XÙY[YœÈŽˆ—Œ‹Œˆ‹Bˆ››ÙKZ[Žˆ—ŒŒƒBˆKBˆ™[™Ú[™\ÈŽˆÃBˆ››ÙHŽˆNŒŒƒBˆCBˆKBˆ››ÙWÛ[Ù[\ËÝ\šKZœÈŽˆÃBˆ™\œÚ[ÛˆŽˆŒH‹Bˆœ™\ÛÛ™YŽˆšÎ‹ËÜ™YÚ\ÝžK›œZœË›Ü™ËÝ\šKZœËËKÝ\šKZœËMŒKÞˆ‹Bˆš[YÜš]HŽˆœÚMLL‹MÜ’Õ^^LÌÔL^XÎNLQ[SÖLQÕY•ÛÌVYÎÛZZLTÙRYYZ”S™“VÍžŒÎXÒÜÎYœÝS›™™ÏOH‹Bˆ™]ˆŽˆYKBˆ›XÙ[œÙHŽˆ”ÑL‹PÛ]\ÙH‹Bˆ™\[™[˜ÚY\ÈŽˆÃBˆœ[žXÛÙHŽˆ—Œ‹ŒKŒƒBˆCBˆKBˆ››ÙWÛ[Ù[\ËÝ\ÙK\Þ[˜ËY^\›˜[\ÝÜ™HŽˆÃBˆ™\œÚ[ÛˆŽˆŒK‹Œ‹Bˆœ™\ÛÛ™YŽˆšÎ‹ËÜ™YÚ\ÝžK›œZœË›Ü™ËÝ\ÙK\Þ[˜ËY^\›˜[\ÝÜ™KËKÝ\ÙK\Þ[˜ËY^\›˜[\ÝÜ™KLK‹ŒÞˆ‹Bˆš[YÜš]HŽˆœÚMLL‹T‘ÔÝÑÔÓœ”\ž‘RZÓÔY^]Î™[“ÒZ”UÚÕU‘œ‘S^[ËÒÐÚÙTÎYSLÒÝ–T”Z˜M]ÒSMJÖ”N]ÏOH‹Bˆ›XÙ[œÙHŽˆ“RU‹BˆœY\‘\[™[˜ÚY\ÈŽˆÃBˆœ™XXÝŽˆ—ŒM‹ŽŒŒMËŒŒŒNŒŒŒNKŒŒƒBˆCBˆKBˆ››ÙWÛ[Ù[\ËÝšXÝÜžK]™[™ÜˆŽˆÃBˆ™\œÚ[ÛˆŽˆŒÍËŒËˆ‹Bˆœ™\ÛÛ™YŽˆšÎ‹ËÜ™YÚ\ÝžK›œZœË›Ü™ËÝšXÝÜžK]™[™Ü‹ËKÝšXÝÜžK]™[™Ü‹LÍËŒË‹Þˆ‹Bˆš[YÜš]HŽˆœÚMLL‹TØ”–\
ÍSR’Ð^RMÝÒÓLÙZ]™ZÚYØÌ‘ÌœÍÜØ–Ž]ÒYÒP–QÕÍ‘Ò›[ÜU˜™^›Ù–Í‘ÝM›ÑÞ“ÝÔOOH‹Bˆ›XÙ[œÙHŽˆ“RUS‘TÐÈ‹Bˆ™\[™[˜ÚY\ÈŽˆÃBˆ\\ËÙËX\œ˜^HŽˆ—ŒËŒŒÈ‹Bˆ\\ËÙËYX\ÙHŽˆ—ŒËŒŒ‹Bˆ\\ËÙËZ[\œÛ]HŽˆ—ŒËŒŒH‹Bˆ\\ËÙË\ØØ[HŽˆ—ŒŒˆ‹Bˆ\\ËÙË\Ú\HŽˆ—ŒËŒKŒ‹Bˆ\\ËÙË][YHŽˆ—ŒËŒŒ‹Bˆ\\ËÙË][Y\ˆŽˆ—ŒËŒŒ‹Bˆ™ËX\œ˜^HŽˆ—ŒËŒKˆ‹Bˆ™ËYX\ÙHŽˆ—ŒËŒŒH‹Bˆ™ËZ[\œÛ]HŽˆ—ŒËŒŒH‹Bˆ™Ë\ØØ[HŽˆ—ŒŒˆ‹Bˆ™Ë\Ú\HŽˆ—ŒËŒKŒ‹Bˆ™Ë][YHŽˆ—ŒËŒŒ‹Bˆ™Ë][Y\ˆŽˆ—ŒËŒŒHƒBˆCBˆKBˆ››ÙWÛ[Ù[\ËÝš]HŽˆÃBˆ™\œÚ[ÛˆŽˆËŒËˆ‹Bˆœ™\ÛÛ™YŽˆšÎ‹ËÜ™YÚ\ÝžK›œZœË›Ü™ËÝš]KËKÝš]KMËŒË‹Þˆ‹Bˆš[YÜš]HŽˆœÚMLL‹MŒÜ‘Ú”Ö‘™Œ\VR
Ù’ZÒÌž›“Þ”Y›RÚÓÕŽSZÚÔ”‹ÌÑÌPœÔTÑXÍP“Ô]œÓÞÜRÛÓ[QYYÏOH‹Bˆ™]ˆŽˆYKBˆ›XÙ[œÙHŽˆ“RU‹Bˆ™\[™[˜ÚY\ÈŽˆÃBˆ™\ØZ[Žˆ—ŒŒËŒŒŒŽŒ‹Bˆ™™\ˆŽˆ—‹KŒ‹BˆœXÛÛX]ÚŽˆ—ŒŒÈ‹BˆœÜÝÜÜÈŽˆ—ŽKˆ‹Bˆœ›Û\Žˆ—ËŒ‹Bˆ[žYÛØ˜žHŽˆ—ŒŒ‹ŒMHƒBˆKBˆ˜š[ˆŽˆÃBˆš]HŽˆ˜š[‹Ýš]KšœÈƒBˆKBˆ™[™Ú[™\ÈŽˆÃBˆ››ÙHŽˆ—ŒŒŒNKŒLŒ‹ŒL‹ŒƒBˆKBˆ™[™[™ÈŽˆÃBˆ\›ŽˆšÎ‹ËÙÚ]X‹˜ÛÛKÝš]ZœËÝš]OÜÜÛœÛÜLHƒBˆKBˆ›Ü[Û˜[\[™[˜ÚY\ÈŽˆÃBˆ™œÙ]™[ÈŽˆŸŒ‹ŒËŒÈƒBˆKBˆœY\‘\[™[˜ÚY\ÈŽˆÃBˆ\\ËÛ›ÙHŽˆ—ŒŒŒNKŒLŒ‹ŒL‹Œ‹Bˆšš]HŽˆLKŒŒKŒ‹Bˆ›\ÜÈŽˆ—ŒŒ‹Bˆ›YÚš[™ØÜÜÈŽˆ—ŒKŒŒKŒ‹BˆœØ\ÜÈŽˆ—ŒKÌŒ‹BˆœØ\ÜËY[X™YYŽˆ—ŒKÌŒ‹BˆœÝ[\ÈŽˆLMŽ‹BˆœÝYØ\œÜÈŽˆ—KŒŒ‹Bˆ\œÙ\ˆŽˆ—KŒM‹Œ‹BˆÞŽˆ—ŽŒH‹BˆžX[[Žˆ—Œ‹ŒˆƒBˆKBˆœY\‘\[™[˜ÚY\ÓY]HŽˆÃBˆ\\ËÛ›ÙHŽˆÃBˆ›Ü[Û˜[ŽˆYCBˆKBˆšš]HŽˆÃBˆ›Ü[Û˜[ŽˆYCBˆKBˆ›\ÜÈŽˆÃBˆ›Ü[Û˜[ŽˆYCBˆKBˆ›YÚš[™ØÜÜÈŽˆÃBˆ›Ü[Û˜[ŽˆYCBˆKBˆœØ\ÜÈŽˆÃBˆ›Ü[Û˜[ŽˆYCBˆKBˆœØ\ÜËY[X™YYŽˆÃBˆ›Ü[Û˜[ŽˆYCBˆKBˆœÝ[\ÈŽˆÃBˆ›Ü[Û˜[ŽˆYCBˆKBˆœÝYØ\œÜÈŽˆÃBˆ›Ü[Û˜[ŽˆYCBˆKBˆ\œÙ\ˆŽˆÃBˆ›Ü[Û˜[ŽˆYCBˆKBˆÞŽˆÃBˆ›Ü[Û˜[ŽˆYCBˆKBˆžX[[ŽˆÃBˆ›Ü[Û˜[ŽˆYCBˆCBˆCBˆKBˆ››ÙWÛ[Ù[\ËÝš]K[›ÙHŽˆÃBˆ™\œÚ[ÛˆŽˆŒËŒ‹‹Bˆœ™\ÛÛ™YŽˆšÎ‹ËÜ™YÚ\ÝžK›œZœË›Ü™ËÝš]K[›ÙKËKÝš]K[›ÙKLËŒ‹Þˆ‹Bˆš[YÜš]HŽˆœÚMLL‹QX’ÔÒÚ
ØšQLRQžSÌÌ[›ÓÕQVYÜ[ŠÊÜŽN
Ú”Ì^š[–]TNÚRPRZÜÙÓ[RS‘\ÑÒœÏOH‹Bˆ™]ˆŽˆYKBˆ›XÙ[œÙHŽˆ“RU‹Bˆ™\[™[˜ÚY\ÈŽˆÃBˆ˜ØXÈŽˆ—‹ËŒM‹Bˆ™XYÈŽˆ—ŒH‹Bˆ™\Ë[[Ù[K[^\ˆŽˆ—ŒKËŒ‹Bˆœ]HŽˆ—Œ‹ŒŒÈ‹Bˆš]HŽˆ—KŒŒ‹ŒŒËŒŒLƒBˆKBˆ˜š[ˆŽˆÃBˆš]K[›ÙHŽˆš]K[›ÙK›ZœÈƒBˆKBˆ™[™Ú[™\ÈŽˆÃBˆ››ÙHŽˆ—ŒNŒŒŒŒŒŒLŒ‹ŒŒƒBˆKBˆ™[™[™ÈŽˆÃBˆ\›ŽˆšÎ‹ËÛÜ[˜ÛÛXÝ]™K˜ÛÛKÝš]\ÝƒBˆCBˆKBˆ››ÙWÛ[Ù[\ËÝš]\ÝŽˆÃBˆ™\œÚ[ÛˆŽˆŒËŒ‹ˆ‹Bˆœ™\ÛÛ™YŽˆšÎ‹ËÜ™YÚ\ÝžK›œZœË›Ü™ËÝš]\ÝËKÝš]\ÝLËŒ‹‹Þˆ‹Bˆš[YÜš]HŽˆœÚMLL‹^ZžXJØ•Ú‹ÊÔ‹ÐQØLVÙ”žS•[Ú”œÑ•RSŠÞž‘[QØÛQžYL™Ü\R\™ŒœQYÕ“[Ù™N]S•ÑSÓÏOH‹Bˆ™]ˆŽˆYKBˆ›XÙ[œÙHŽˆ“RU‹Bˆ™\[™[˜ÚY\ÈŽˆÃBˆ\\ËØÚZHŽˆ—KŒ‹Œˆ‹Bˆš]\ÝÙ^XÝŽˆŒËŒ‹ˆ‹Bˆš]\ÝÛ[ØÚÙ\ˆŽˆŒËŒ‹ˆ‹Bˆš]\ÝÜ™]KY›Ü›X]Žˆ—ŒËŒ‹ˆ‹Bˆš]\ÝÜ[›™\ˆŽˆŒËŒ‹ˆ‹Bˆš]\ÝÜÛ˜\ÚÝŽˆŒËŒ‹ˆ‹Bˆš]\ÝÜÜHŽˆŒËŒ‹ˆ‹Bˆš]\ÝÝ][ÈŽˆŒËŒ‹ˆ‹Bˆ˜ÚZHŽˆ—KŒ‹Œ‹Bˆ™XYÈŽˆ—ŒH‹Bˆ™^XÝ]\HŽˆ—ŒKŒ‹ŒH‹Bˆ›XYÚXË\Ýš[™ÈŽˆ—ŒŒÌŒMÈ‹Bˆœ]HŽˆ—Œ‹ŒŒÈ‹BˆœXÛÛX]ÚŽˆ—ŒŒˆ‹BˆœÝY[ˆŽˆ—ŒËŽKŒ‹Bˆ[žX™[˜ÚŽˆ—Œ‹ŽKŒ‹Bˆ[žY^XÈŽˆ—ŒŒËŒˆ‹Bˆ[žYÛØ˜žHŽˆ—ŒŒ‹ŒM‹Bˆ[ž\ÛÛŽˆ—ŒKŒKŒH‹Bˆ[ž\˜Z[˜›ÝÈŽˆ—Œ‹ŒŒ‹Bˆš]HŽˆ—KŒŒ‹ŒŒËŒŒL‹Bˆš]K[›ÙHŽˆŒËŒ‹‹BˆÚKZ\Ë[›ÙK\[›š[™ÈŽˆ—Œ‹ŒËŒƒBˆKBˆ˜š[ˆŽˆÃBˆš]\ÝŽˆš]\Ý›ZœÈƒBˆKBˆ™[™Ú[™\ÈŽˆÃBˆ››ÙHŽˆ—ŒNŒŒŒŒŒŒLŒ‹ŒŒƒBˆKBˆ™[™[™ÈŽˆÃBˆ\›ŽˆšÎ‹ËÛÜ[˜ÛÛXÝ]™K˜ÛÛKÝš]\ÝƒBˆKBˆœY\‘\[™[˜ÚY\ÈŽˆÃBˆYÙK\[[YKÝ›HŽˆŠˆ‹Bˆ\\ËÙXYÈŽˆ—ŒKŒLˆ‹Bˆ\\ËÛ›ÙHŽˆ—ŒNŒŒŒŒŒŒLŒ‹ŒŒ‹Bˆš]\ÝØœ›ÝÜÙ\ˆŽˆŒËŒ‹ˆ‹Bˆš]\ÝÝZHŽˆŒËŒ‹ˆ‹Bˆš\KYÛHŽˆŠˆ‹BˆšœÙÛHŽˆŠˆƒBˆKBˆœY\‘\[™[˜ÚY\ÓY]HŽˆÃBˆYÙK\[[YKÝ›HŽˆÃBˆ›Ü[Û˜[ŽˆYCBˆKBˆ\\ËÙXYÈŽˆÃBˆ›Ü[Û˜[ŽˆYCBˆKBˆ\\ËÛ›ÙHŽˆÃBˆ›Ü[Û˜[ŽˆYCBˆKBˆš]\ÝØœ›ÝÜÙ\ˆŽˆÃBˆ›Ü[Û˜[ŽˆYCBˆKBˆš]\ÝÝZHŽˆÃBˆ›Ü[Û˜[ŽˆYCBˆKBˆš\KYÛHŽˆÃBˆ›Ü[Û˜[ŽˆYCBˆKBˆšœÙÛHŽˆÃBˆ›Ü[Û˜[ŽˆYCBˆCBˆCBˆKBˆ››ÙWÛ[Ù[\ËÝÚXÚŽˆÃBˆ™\œÚ[ÛˆŽˆŒ‹ŒŒˆ‹Bˆœ™\ÛÛ™YŽˆšÎ‹ËÜ™YÚ\ÝžK›œZœË›Ü™ËÝÚXÚËKÝÚXÚL‹ŒŒ‹Þˆ‹Bˆš[YÜš]HŽˆœÚMLL‹P“LÕUÌÔ›ÌÞ\LÖMJØ]ÜÖ\ÑÐ–UÚÚÜS]˜–Ü“Q
ÞZÜšÌÝQQ’˜VVÚ‘UÍ[ÙØ\Ó“QRÓ“ZšXOOH‹Bˆ›XÙ[œÙHŽˆ’TÐÈ‹Bˆ™\[™[˜ÚY\ÈŽˆÃBˆš\Ù^HŽˆ—Œ‹ŒŒƒBˆKBˆ˜š[ˆŽˆÃBˆ››ÙK]ÚXÚŽˆ˜š[‹Û›ÙK]ÚXÚƒBˆKBˆ™[™Ú[™\ÈŽˆÃBˆ››ÙHŽˆHƒBˆCBˆKBˆ››ÙWÛ[Ù[\ËÝÚXÚX›ÞY\š[Z]]™HŽˆÃBˆ™\œÚ[ÛˆŽˆŒKŒKŒH‹Bˆœ™\ÛÛ™YŽˆšÎ‹ËÜ™YÚ\ÝžK›œZœË›Ü™ËÝÚXÚX›ÞY\š[Z]]™KËKÝÚXÚX›ÞY\š[Z]]™KLKŒKŒKÞˆ‹Bˆš[YÜš]HŽˆœÚMLL‹U–ÛZŽŒÙÐ‘•›N^ÜXÒTÝÌÓŒ’]QŽ‘”Î^ŒÐÌ–ZQÝœX’œZ•’‹ÞV][œ’ŽYÌZ”ÞZÚœÕÞ’PPOOH‹Bˆ™]ˆŽˆYKBˆ›XÙ[œÙHŽˆ“RU‹Bˆ™\[™[˜ÚY\ÈŽˆÃBˆš\ËXšYÚ[Žˆ—ŒKŒKŒ‹Bˆš\ËX›ÛÛX[‹[Øš™XÝŽˆ—ŒKŒ‹ŒH‹Bˆš\Ë[[X™\‹[Øš™XÝŽˆ—ŒKŒKŒH‹Bˆš\Ë\Ýš[™ÈŽˆ—ŒKŒKŒH‹Bˆš\Ë\Þ[X›ÛŽˆ—ŒKŒKŒHƒBˆKBˆ™[™Ú[™\ÈŽˆÃBˆ››ÙHŽˆHƒBˆKBˆ™[™[™ÈŽˆÃBˆ\›ŽˆšÎ‹ËÙÚ]X‹˜ÛÛKÜÜÛœÛÜœËÛš\˜ˆƒBˆCBˆKBˆ››ÙWÛ[Ù[\ËÝÚXÚXZ[[‹]\HŽˆÃBˆ™\œÚ[ÛˆŽˆŒKŒ‹ŒH‹Bˆœ™\ÛÛ™YŽˆšÎ‹ËÜ™YÚ\ÝžK›œZœË›Ü™ËÝÚXÚXZ[[‹]\KËKÝÚXÚXZ[[‹]\KLKŒ‹ŒKÞˆ‹Bˆš[YÜš]HŽˆœÚMLL‹MšP˜Þ›Ö
ÚÑMØLÊÖR›šÕ
ÒÖ”žKÚVS”XÜZÍ‹ÔY›LXŽLÚ]JÞSÒ[ZÙÌ’šS“ØÓŒUPQVŒLÍM”OOH‹Bˆ™]ˆŽˆYKBˆ›XÙ[œÙHŽˆ“RU‹Bˆ™\[™[˜ÚY\ÈŽˆÃBˆ˜Ø[X›Ý[™Žˆ—ŒKŒŒˆ‹Bˆ™[˜Ý[Û‹œ›ÝÝ\K›˜[YHŽˆ—ŒKŒKˆ‹Bˆš\Ë]ÜÝš[™ÝYÈŽˆ—ŒKŒŒˆ‹Bˆš\ËX\Þ[˜ËY[˜Ý[ÛˆŽˆ—Œ‹ŒŒ‹Bˆš\ËY]K[Øš™XÝŽˆ—ŒKŒKŒ‹Bˆš\ËYš[˜[^˜][Ûœ™YÚ\ÝžHŽˆ—ŒKŒKŒ‹Bˆš\ËYÙ[™\˜]Ü‹Y[˜Ý[ÛˆŽˆ—ŒKŒŒL‹Bˆš\Ë\™YÙ^Žˆ—ŒKŒ‹ŒH‹Bˆš\Ë]ÙXZÜ™YˆŽˆ—ŒKŒŒˆ‹Bˆš\Ø\œ˜^HŽˆ—Œ‹ŒH‹BˆÚXÚX›ÞY\š[Z]]™HŽˆ—ŒKŒKŒ‹BˆÚXÚXÛÛXÝ[ÛˆŽˆ—ŒKŒŒˆ‹BˆÚXÚ]\YX\œ˜^HŽˆ—ŒKŒKŒMˆƒBˆKBˆ™[™Ú[™\ÈŽˆÃBˆ››ÙHŽˆHƒBˆKBˆ™[™[™ÈŽˆÃBˆ\›ŽˆšÎ‹ËÙÚ]X‹˜ÛÛKÜÜÛœÛÜœËÛš\˜ˆƒBˆCBˆKBˆ››ÙWÛ[Ù[\ËÝÚXÚXÛÛXÝ[ÛˆŽˆÃBˆ™\œÚ[ÛˆŽˆŒKŒŒˆ‹Bˆœ™\ÛÛ™YŽˆšÎ‹ËÜ™YÚ\ÝžK›œZœË›Ü™ËÝÚXÚXÛÛXÝ[Û‹ËKÝÚXÚXÛÛXÝ[Û‹LKŒŒ‹Þˆ‹Bˆš[YÜš]HŽˆœÚMLL‹RÍ•žZ›™Ý˜Î–MšØS‘SŽLÌÔÝÖSÝP‘šÙPNV™šØÐX™˜œU‘Z–‹ØTZ”–\QTÕ‘\ÌÎQÚZ\X›™ÐÝÏOH‹Bˆ™]ˆŽˆYKBˆ›XÙ[œÙHŽˆ“RU‹Bˆ™\[™[˜ÚY\ÈŽˆÃBˆš\Ë[X\Žˆ—Œ‹ŒŒÈ‹Bˆš\Ë\Ù]Žˆ—Œ‹ŒŒÈ‹Bˆš\Ë]ÙXZÛX\Žˆ—Œ‹ŒŒˆ‹Bˆš\Ë]ÙXZÜÙ]Žˆ—Œ‹ŒŒÈƒBˆKBˆ™[™Ú[™\ÈŽˆÃBˆ››ÙHŽˆHƒBˆKBˆ™[™[™ÈŽˆÃBˆ\›ŽˆšÎ‹ËÙÚ]X‹˜ÛÛKÜÜÛœÛÜœËÛš\˜ˆƒBˆCBˆKBˆ››ÙWÛ[Ù[\ËÝÚXÚ]\YX\œ˜^HŽˆÃBˆ™\œÚ[ÛˆŽˆŒKŒKŒŒˆ‹Bˆœ™\ÛÛ™YŽˆšÎ‹ËÜ™YÚ\ÝžK›œZœË›Ü™ËÝÚXÚ]\YX\œ˜^KËKÝÚXÚ]\YX\œ˜^KLKŒKŒŒ‹Þˆ‹Bˆš[YÜš]HŽˆœÚMLL‹Y“Í^ÓQœÜ^ZÌÐZTSØ“]VL[\YÖXÞ˜ÍPÓ™ÑPÓÒ“™Ô^]œÓÕÕØ–˜ÊÜYŒÜž”Ú’ÊÐÓQ]ŒPÖ\ÏOH‹Bˆ™]ˆŽˆYKBˆ›XÙ[œÙHŽˆ“RU‹Bˆ™\[™[˜ÚY\ÈŽˆÃBˆ˜]˜Z[X›K]\YX\œ˜^\ÈŽˆ—ŒKŒÈ‹Bˆ˜Ø[Xš[™Žˆ—ŒKŒŽH‹Bˆ˜Ø[X›Ý[™Žˆ—ŒKŒ‹Bˆ™›Ü‹YXXÚŽˆ—ŒŒËH‹Bˆ™Ù]\›ÝÈŽˆ—ŒKŒŒH‹Bˆ™ÛÜŽˆ—ŒKŒ‹Œ‹Bˆš\Ë]ÜÝš[™ÝYÈŽˆ—ŒKŒŒˆƒBˆKBˆ™[™Ú[™\ÈŽˆÃBˆ››ÙHŽˆHƒBˆKBˆ™[™[™ÈŽˆÃBˆ\›ŽˆšÎ‹ËÙÚ]X‹˜ÛÛKÜÜÛœÛÜœËÛš\˜ˆƒBˆCBˆKBˆ››ÙWÛ[Ù[\ËÝÚKZ\Ë[›ÙK\[›š[™ÈŽˆÃBˆ™\œÚ[ÛˆŽˆŒ‹ŒËŒ‹Bˆœ™\ÛÛ™YŽˆšÎ‹ËÜ™YÚ\ÝžK›œZœË›Ü™ËÝÚKZ\Ë[›ÙK\[›š[™ËËKÝÚKZ\Ë[›ÙK\[›š[™ËL‹ŒËŒÞˆ‹Bˆš[YÜš]HŽˆœÚMLL‹Z\›XUÐ™‘Þ–\[žZ^[’Þ”“ÕÚ˜–•SžN‘ZšÔÍÙZQZX–Ö›]ÝUÛZR^SŠÐÞVQ›ZÛÎ“›NÏOH‹Bˆ™]ˆŽˆYKBˆ›XÙ[œÙHŽˆ“RU‹Bˆ™\[™[˜ÚY\ÈŽˆÃBˆœÚYÚ[™›ÈŽˆ—Œ‹ŒŒ‹BˆœÝXÚØ˜XÚÈŽˆŒŒŒˆƒBˆKBˆ˜š[ˆŽˆÃBˆÚKZ\Ë[›ÙK\[›š[™ÈŽˆ˜ÛKšœÈƒBˆKBˆ™[™Ú[™\ÈŽˆÃBˆ››ÙHŽˆNƒBˆCBˆKBˆ››ÙWÛ[Ù[\ËÝÛÜ™]Ü˜\ŽˆÃBˆ™\œÚ[ÛˆŽˆŒKŒ‹H‹Bˆœ™\ÛÛ™YŽˆšÎ‹ËÜ™YÚ\ÝžK›œZœË›Ü™ËÝÛÜ™]Ü˜\ËKÝÛÜ™]Ü˜\LKŒ‹KÞˆ‹Bˆš[YÜš]HŽˆœÚMLL‹P“ŒŒYXSSRNUS]œ‘ÙYÍYPÖTÔ^L’––\ØU^–^‘“ØÚÔÍLÔÔQLÜÚÕ›ÕÜ˜ŒÐœ–XÑSØMMPXÐOOH‹Bˆ™]ˆŽˆYKBˆ›XÙ[œÙHŽˆ“RU‹Bˆ™[™Ú[™\ÈŽˆÃBˆ››ÙHŽˆLŒLŒƒBˆCBˆKBˆ››ÙWÛ[Ù[\ËÝÛÜšÙ\‹YˆŽˆÃBˆ™\œÚ[ÛˆŽˆŒŒKŒŒ‹Bˆœ™\ÛÛ™YŽˆšÎ‹ËÜ™YÚ\ÝžK›œZœË›Ü™ËÝÛÜšÙ\‹Y‹ËKÝÛÜšÙ\‹Y‹LŒKŒŒÞˆ‹Bˆš[YÜš]HŽˆœÚMLL‹MÞRÍ^
ÊÑžZÚœšUÙÝMÐÛTØ\PŒÎ‘•LÐÑÎØ›ÜJÑÑ’Í^P•ŒØ]ÛJÓÙ\TŽP’ÙÝ–R”Û•Y”OOH‹Bˆ›XÙ[œÙHŽˆ“RU‹Bˆ™[™Ú[™\ÈŽˆÃBˆ››ÙHŽˆLLˆƒBˆCBˆKBˆ››ÙWÛ[Ù[\ËÞËX\\]ÈŽˆÃBˆ™\œÚ[ÛˆŽˆKKŒH‹Bˆœ™\ÛÛ™YŽˆšÎ‹ËÜ™YÚ\ÝžK›œZœË›Ü™ËÞËX\\]ËËKÞËX\\]ËMKKŒKÞˆ‹Bˆš[YÜš]HŽˆœÚMLL‹ZLÙ›Ð’^M\˜\›ØL–LœÞ“ÊÌ›SNQYœ‘\“LÎNJÐÌ[\•Ñ“›ÔZÊÍ“ÚM›“XÐÝÕÜSTOOH‹Bˆ›XÙ[œÙHŽˆ“RU‹Bˆ™\[™[˜ÚY\ÈŽˆÃBˆ›ÜË\]ÈŽˆ—ŒŒH‹BˆžË\ÜX›HŽˆ—ËŒ‹ŒƒBˆKBˆ™[™Ú[™\ÈŽˆÃBˆ››ÙHŽˆH‹ŒƒBˆCBˆKBˆ››ÙWÛ[Ù[\ËÞË\ÜX›HŽˆÃBˆ™\œÚ[ÛˆŽˆËŒËŒ‹Bˆœ™\ÛÛ™YŽˆšÎ‹ËÜ™YÚ\ÝžK›œZœË›Ü™ËÞË\ÜX›KËKÞË\ÜX›KMËŒËŒÞˆ‹Bˆš[YÜš]HŽˆœÚMLL‹\ÜSS]S\˜Ì›SP“ÞÜ]^N]œQŒžU™JÑN[ÙÝÐÔÕÔPÙ]U]Ü–”^]Ñ‘Ô“žXÙÛ˜Ø”ÞSÓÔÔÍV•]ÏOH‹Bˆ›XÙ[œÙHŽˆ“RU‹Bˆ™\[™[˜ÚY\ÈŽˆÃBˆ›ÜË\]ÈŽˆ—ŒŒHƒBˆKBˆ™[™Ú[™\ÈŽˆÃBˆ››ÙHŽˆH‹ŒƒBˆCBˆKBˆ››ÙWÛ[Ù[\ËÞ[ØÝË\]Y]YHŽˆÃBˆ™\œÚ[ÛˆŽˆŒŒKŒ‹Bˆœ™\ÛÛ™YŽˆšÎ‹ËÜ™YÚ\ÝžK›œZœË›Ü™ËÞ[ØÝË\]Y]YKËKÞ[ØÝË\]Y]YKLŒKŒÞˆ‹Bˆš[YÜš]HŽˆœÚMLL‹\•šÜÝœÛ“Ù‹ÛÚØÍžÔÞSŽZPÞÚSN^QKÝÛSÕœR™]ÔSÌ[ZSZT™ÕÐÓ^YPQ•˜YÝÍÒS–Œ”OOH‹Bˆ™]ˆŽˆYKBˆ›XÙ[œÙHŽˆ“RU‹Bˆ™[™Ú[™\ÈŽˆÃBˆ››ÙHŽˆLLƒBˆKBˆ™[™[™ÈŽˆÃBˆ\›ŽˆšÎ‹ËÙÚ]X‹˜ÛÛKÜÜÛœÛÜœËÜÚ[™™\ÛÜš\ÈƒBˆCBˆKBˆ››ÙWÛ[Ù[\ËÞ›ÙŽˆÃBˆ™\œÚ[ÛˆŽˆŒËŒKÍˆ‹Bˆœ™\ÛÛ™YŽˆšÎ‹ËÜ™YÚ\ÝžK›œZœË›Ü™ËÞ›ÙËKÞ›ÙLËŒKÍ‹Þˆ‹Bˆš[YÜš]HŽˆœÚMLL‹YÞ•]Ü][–Ñ‘ÒÒQ˜ÐÌÖ[™‘P^SšÝ[Ù›‘P”ÔÑ”Ì˜˜ÖMYXLQ’U]Ø“ÞÔÙ\ÍT[Ø]Z’ØÓ”^ÔOOH‹Bˆ›XÙ[œÙHŽˆ“RU‹Bˆ™[™[™ÈŽˆÃBˆ\›ŽˆšÎ‹ËÙÚ]X‹˜ÛÛKÜÜÛœÛÜœËØÛÛ[šXÚÜÈƒBˆCBˆCBˆCBŸCB